
Microsoft Visual Studio Solution File, Format Version 12.00
# Visual Studio Version 17
VisualStudioVersion = 17.6.33829.357
MinimumVisualStudioVersion = 10.0.40219.1
Project("{2150E333-8FDC-42A3-9474-1A3956D46DE8}") = "Core", "Core", "{3FA67D39-764A-4B49-8C35-54FC68D0AAF9}"
EndProject
Project("{FAE04EC0-301F-11D3-BF4B-00C04F79EFBC}") = "Domain", "Domain\Domain.csproj", "{B161A4AB-15CE-46CF-8B26-2E43395488C9}"
EndProject
Project("{FAE04EC0-301F-11D3-BF4B-00C04F79EFBC}") = "Application", "Application\Application.csproj", "{6CAFC268-C1DF-477D-AB2B-E7669A837A06}"
EndProject
Project("{FAE04EC0-301F-11D3-BF4B-00C04F79EFBC}") = "Infrastructure", "Infrastructure\Infrastructure.csproj", "{6203BA3D-93AE-4C0C-9CF9-5B5620F1A28C}"
EndProject
Project("{FAE04EC0-301F-11D3-BF4B-00C04F79EFBC}") = "WebApi", "WebApi\WebApi.csproj", "{A3A4C7B0-C466-480A-92B4-8D8EE87CF7BB}"
EndProject
Global
	GlobalSection(SolutionConfigurationPlatforms) = preSolution
		Debug|Any CPU = Debug|Any CPU
		Release|Any CPU = Release|Any CPU
	EndGlobalSection
	GlobalSection(ProjectConfigurationPlatforms) = postSolution
		{B161A4AB-15CE-46CF-8B26-2E43395488C9}.Debug|Any CPU.ActiveCfg = Debug|Any CPU
		{B161A4AB-15CE-46CF-8B26-2E43395488C9}.Debug|Any CPU.Build.0 = Debug|Any CPU
		{B161A4AB-15CE-46CF-8B26-2E43395488C9}.Release|Any CPU.ActiveCfg = Release|Any CPU
		{B161A4AB-15CE-46CF-8B26-2E43395488C9}.Release|Any CPU.Build.0 = Release|Any CPU
		{6CAFC268-C1DF-477D-AB2B-E7669A837A06}.Debug|Any CPU.ActiveCfg = Debug|Any CPU
		{6CAFC268-C1DF-477D-AB2B-E7669A837A06}.Debug|Any CPU.Build.0 = Debug|Any CPU
		{6CAFC268-C1DF-477D-AB2B-E7669A837A06}.Release|Any CPU.ActiveCfg = Release|Any CPU
		{6CAFC268-C1DF-477D-AB2B-E7669A837A06}.Release|Any CPU.Build.0 = Release|Any CPU
		{6203BA3D-93AE-4C0C-9CF9-5B5620F1A28C}.Debug|Any CPU.ActiveCfg = Debug|Any CPU
		{6203BA3D-93AE-4C0C-9CF9-5B5620F1A28C}.Debug|Any CPU.Build.0 = Debug|Any CPU
		{6203BA3D-93AE-4C0C-9CF9-5B5620F1A28C}.Release|Any CPU.ActiveCfg = Release|Any CPU
		{6203BA3D-93AE-4C0C-9CF9-5B5620F1A28C}.Release|Any CPU.Build.0 = Release|Any CPU
		{A3A4C7B0-C466-480A-92B4-8D8EE87CF7BB}.Debug|Any CPU.ActiveCfg = Debug|Any CPU
		{A3A4C7B0-C466-480A-92B4-8D8EE87CF7BB}.Debug|Any CPU.Build.0 = Debug|Any CPU
		{A3A4C7B0-C466-480A-92B4-8D8EE87CF7BB}.Release|Any CPU.ActiveCfg = Release|Any CPU
		{A3A4C7B0-C466-480A-92B4-8D8EE87CF7BB}.Release|Any CPU.Build.0 = Release|Any CPU
	EndGlobalSection
	GlobalSection(SolutionProperties) = preSolution
		HideSolutionNode = FALSE
	EndGlobalSection
	GlobalSection(NestedProjects) = preSolution
		{B161A4AB-15CE-46CF-8B26-2E43395488C9} = {3FA67D39-764A-4B49-8C35-54FC68D0AAF9}
		{6CAFC268-C1DF-477D-AB2B-E7669A837A06} = {3FA67D39-764A-4B49-8C35-54FC68D0AAF9}
	EndGlobalSection
	GlobalSection(ExtensibilityGlobals) = postSolution
		SolutionGuid = {491C691F-409D-4D04-917C-19BFF08B2E85}
	EndGlobalSection
EndGlobal
